
Microsoft Visual Studio Solution File, Format Version 12.00
# Visual Studio Version 17
VisualStudioVersion = 17.14.36121.58 d17.14
MinimumVisualStudioVersion = 10.0.40219.1
Project("{FAE04EC0-301F-11D3-BF4B-00C04F79EFBC}") = "Common.OperationResult", "Common.OperationResult\Common.OperationResult.csproj", "{583A254F-E686-4623-86F7-C459318EA344}"
EndProject
Global
	GlobalSection(SolutionConfigurationPlatforms) = preSolution
		Debug|Any CPU = Debug|Any CPU
		Release|Any CPU = Release|Any CPU
	EndGlobalSection
	GlobalSection(ProjectConfigurationPlatforms) = postSolution
		{583A254F-E686-4623-86F7-C459318EA344}.Debug|Any CPU.ActiveCfg = Debug|Any CPU
		{583A254F-E686-4623-86F7-C459318EA344}.Debug|Any CPU.Build.0 = Debug|Any CPU
		{583A254F-E686-4623-86F7-C459318EA344}.Release|Any CPU.ActiveCfg = Release|Any CPU
		{583A254F-E686-4623-86F7-C459318EA344}.Release|Any CPU.Build.0 = Release|Any CPU
	EndGlobalSection
	GlobalSection(SolutionProperties) = preSolution
		HideSolutionNode = FALSE
	EndGlobalSection
	GlobalSection(ExtensibilityGlobals) = postSolution
		SolutionGuid = {63115292-49B3-4666-9CA1-BEC37663F2A4}
	EndGlobalSection
EndGlobal
